
Microsoft Visual Studio Solution File, Format Version 12.00
# Visual Studio Version 16
VisualStudioVersion = 16.0.29920.165
MinimumVisualStudioVersion = 10.0.40219.1
Project("{FAE04EC0-301F-11D3-BF4B-00C04F79EFBC}") = "Kane.GlobalHook", "Kane.GlobalHook\Kane.GlobalHook.csproj", "{B49A2FFD-5FE7-413D-B493-496BF8029E2C}"
EndProject
Global
	GlobalSection(SolutionConfigurationPlatforms) = preSolution
		Debug|Any CPU = Debug|Any CPU
		Release|Any CPU = Release|Any CPU
	EndGlobalSection
	GlobalSection(ProjectConfigurationPlatforms) = postSolution
		{B49A2FFD-5FE7-413D-B493-496BF8029E2C}.Debug|Any CPU.ActiveCfg = Debug|Any CPU
		{B49A2FFD-5FE7-413D-B493-496BF8029E2C}.Debug|Any CPU.Build.0 = Debug|Any CPU
		{B49A2FFD-5FE7-413D-B493-496BF8029E2C}.Release|Any CPU.ActiveCfg = Release|Any CPU
		{B49A2FFD-5FE7-413D-B493-496BF8029E2C}.Release|Any CPU.Build.0 = Release|Any CPU
	EndGlobalSection
	GlobalSection(SolutionProperties) = preSolution
		HideSolutionNode = FALSE
	EndGlobalSection
	GlobalSection(ExtensibilityGlobals) = postSolution
		SolutionGuid = {C65D19DD-0257-435F-8029-4A90DE7D0390}
	EndGlobalSection
EndGlobal
